PODS:
  - Alamofire (4.4.0)
  - AlamofireImage (3.2.0):
    - Alamofire (~> 4.1)
  - SideMenu (2.3.2)
  - TTGSnackbar (1.5.2)

DEPENDENCIES:
  - Alamofire
  - AlamofireImage
  - SideMenu
  - TTGSnackbar

SPEC CHECKSUMS:
  Alamofire: dc44b1600b800eb63da6a19039a0083d62a6a62d
  AlamofireImage: 157ed682cc81d3b9db4fb90c1f12180ac552d93b
  SideMenu: 3fa07dd05d4bade2b6f9889fb1877e312e1ba319
  TTGSnackbar: ca69045c72188fef27f575581052d72aff15abe2

PODFILE CHECKSUM: 32e360f45960465e8c8b6abfb20c2da7dc1adb33

COCOAPODS: 1.2.1
